
Microsoft Visual Studio Solution File, Format Version 12.00
# Visual Studio Version 16
VisualStudioVersion = 16.0.28803.156
MinimumVisualStudioVersion = 10.0.40219.1
Project("{9A19103F-16F7-4668-BE54-9A1E7A4F7556}") = "Core.API", "Core.API\Core.API.csproj", "{9C892AAE-1713-4F93-BD86-A5E472733CA8}"
EndProject
Project("{9A19103F-16F7-4668-BE54-9A1E7A4F7556}") = "Tests", "Tests\Tests.csproj", "{5B6AD62B-A0B0-4D1E-BE48-A558AA6D6DB7}"
EndProject
Project("{2150E333-8FDC-42A3-9474-1A3956D46DE8}") = "Solution Items", "Solution Items", "{96335CBE-AA48-49E3-8017-8DFA14BD21D7}"
	ProjectSection(SolutionItems) = preProject
		Directory.Build.props = Directory.Build.props
	EndProjectSection
EndProject
Global
	GlobalSection(SolutionConfigurationPlatforms) = preSolution
		Debug|Any CPU = Debug|Any CPU
		Release|Any CPU = Release|Any CPU
	EndGlobalSection
	GlobalSection(ProjectConfigurationPlatforms) = postSolution
		{9C892AAE-1713-4F93-BD86-A5E472733CA8}.Debug|Any CPU.ActiveCfg = Debug|Any CPU
		{9C892AAE-1713-4F93-BD86-A5E472733CA8}.Debug|Any CPU.Build.0 = Debug|Any CPU
		{9C892AAE-1713-4F93-BD86-A5E472733CA8}.Release|Any CPU.ActiveCfg = Release|Any CPU
		{9C892AAE-1713-4F93-BD86-A5E472733CA8}.Release|Any CPU.Build.0 = Release|Any CPU
		{5B6AD62B-A0B0-4D1E-BE48-A558AA6D6DB7}.Debug|Any CPU.ActiveCfg = Debug|Any CPU
		{5B6AD62B-A0B0-4D1E-BE48-A558AA6D6DB7}.Debug|Any CPU.Build.0 = Debug|Any CPU
		{5B6AD62B-A0B0-4D1E-BE48-A558AA6D6DB7}.Release|Any CPU.ActiveCfg = Release|Any CPU
		{5B6AD62B-A0B0-4D1E-BE48-A558AA6D6DB7}.Release|Any CPU.Build.0 = Release|Any CPU
	EndGlobalSection
	GlobalSection(SolutionProperties) = preSolution
		HideSolutionNode = FALSE
	EndGlobalSection
	GlobalSection(ExtensibilityGlobals) = postSolution
		SolutionGuid = {7DED5F58-8F9A-487E-AC29-7AE5728E1A99}
	EndGlobalSection
EndGlobal
